{
  "name": "07_01",
  "version": "1.0.0",
  "lockfileVersion": 1,
  "requires": true,
  "dependencies": {
    "co": {
      "version": "4.6.0",
      "resolved": "https://registry.npmjs.org/co/-/co-4.6.0.tgz",
      "integrity": "sha1-bqa989hTrlTMuOR7+gvz+QMfsYQ="
    },
    "co-from-stream": {
      "version": "0.0.0",
      "resolved": "https://registry.npmjs.org/co-from-stream/-/co-from-stream-0.0.0.tgz",
      "integrity": "sha1-GlzYztdyY5RglPo58kmaYyl7yvk=",
      "requires": {
        "co-read": "0.0.1"
      }
    },
    "co-fs": {
      "version": "1.2.0",
      "resolved": "https://registry.npmjs.org/co-fs/-/co-fs-1.2.0.tgz",
      "integrity": "sha1-pt8EXOWMBO7UVYb/Q4UDKBOrpk4=",
      "requires": {
        "co-from-stream": "0.0.0",
        "thunkify": "0.0.1"
      }
    },
    "co-read": {
      "version": "0.0.1",
      "resolved": "https://registry.npmjs.org/co-read/-/co-read-0.0.1.tgz",
      "integrity": "sha1-+Bs+uKhmdf7FHj2IOn9WToc8k4k="
    },
    "thunkify": {
      "version": "0.0.1",
      "resolved": "https://registry.npmjs.org/thunkify/-/thunkify-0.0.1.tgz",
      "integrity": "sha1-vV02sQabQHjl3LrI+rRTWb6mGD0="
    }
  }
}
